
Microsoft Visual Studio Solution File, Format Version 12.00
# Visual Studio Version 16
VisualStudioVersion = 16.0.30804.86
MinimumVisualStudioVersion = 10.0.40219.1
Project("{FAE04EC0-301F-11D3-BF4B-00C04F79EFBC}") = "My-Books", "My-Books.csproj", "{E3160E58-BCBA-4D16-80BC-DC51F4FC4B5D}"
EndProject
Global
	GlobalSection(SolutionConfigurationPlatforms) = preSolution
		Debug|Any CPU = Debug|Any CPU
		Release|Any CPU = Release|Any CPU
	EndGlobalSection
	GlobalSection(ProjectConfigurationPlatforms) = postSolution
		{E3160E58-BCBA-4D16-80BC-DC51F4FC4B5D}.Debug|Any CPU.ActiveCfg = Debug|Any CPU
		{E3160E58-BCBA-4D16-80BC-DC51F4FC4B5D}.Debug|Any CPU.Build.0 = Debug|Any CPU
		{E3160E58-BCBA-4D16-80BC-DC51F4FC4B5D}.Release|Any CPU.ActiveCfg = Release|Any CPU
		{E3160E58-BCBA-4D16-80BC-DC51F4FC4B5D}.Release|Any CPU.Build.0 = Release|Any CPU
	EndGlobalSection
	GlobalSection(SolutionProperties) = preSolution
		HideSolutionNode = FALSE
	EndGlobalSection
	GlobalSection(ExtensibilityGlobals) = postSolution
		SolutionGuid = {129042AD-FDBF-41B8-B50C-30630E09076C}
	EndGlobalSection
EndGlobal
